
Microsoft Visual Studio Solution File, Format Version 12.00
# Visual Studio Version 17
VisualStudioVersion = 17.0.31903.59
MinimumVisualStudioVersion = 10.0.40219.1
Project("{2150E333-8FDC-42A3-9474-1A3956D46DE8}") = "src", "src", "{827E0CD3-B72D-47B6-A68D-7590B98EB39B}"
EndProject
Project("{2150E333-8FDC-42A3-9474-1A3956D46DE8}") = "Api", "Api", "{81034408-37C8-1011-444E-4C15C2FADA8E}"
EndProject
Project("{FAE04EC0-301F-11D3-BF4B-00C04F79EFBC}") = "RankReach.Api", "src\Api\RankReach.Api.csproj", "{2BED66F6-6F9B-47F0-97FB-B8C92D3E0C4A}"
EndProject
Project("{FAE04EC0-301F-11D3-BF4B-00C04F79EFBC}") = "RankReach.Core", "src\Core\RankReach.Core.csproj", "{83958E6E-5A0E-4653-8EAC-477BB1801E75}"
EndProject
Project("{FAE04EC0-301F-11D3-BF4B-00C04F79EFBC}") = "RankReach.DAL", "src\DAL\RankReach.DAL.csproj", "{51C37561-C0E1-43CA-B7A5-68FD2AD464DB}"
EndProject
Project("{FAE04EC0-301F-11D3-BF4B-00C04F79EFBC}") = "RankReach.BL", "src\BL\RankReach.BL.csproj", "{F9964C4C-8406-446C-907C-86BB609A5BE2}"
EndProject
Global
	GlobalSection(SolutionConfigurationPlatforms) = preSolution
		Debug|Any CPU = Debug|Any CPU
		Debug|x64 = Debug|x64
		Debug|x86 = Debug|x86
		Release|Any CPU = Release|Any CPU
		Release|x64 = Release|x64
		Release|x86 = Release|x86
	EndGlobalSection
	GlobalSection(ProjectConfigurationPlatforms) = postSolution
		{2BED66F6-6F9B-47F0-97FB-B8C92D3E0C4A}.Debug|Any CPU.ActiveCfg = Debug|Any CPU
		{2BED66F6-6F9B-47F0-97FB-B8C92D3E0C4A}.Debug|Any CPU.Build.0 = Debug|Any CPU
		{2BED66F6-6F9B-47F0-97FB-B8C92D3E0C4A}.Debug|x64.ActiveCfg = Debug|Any CPU
		{2BED66F6-6F9B-47F0-97FB-B8C92D3E0C4A}.Debug|x64.Build.0 = Debug|Any CPU
		{2BED66F6-6F9B-47F0-97FB-B8C92D3E0C4A}.Debug|x86.ActiveCfg = Debug|Any CPU
		{2BED66F6-6F9B-47F0-97FB-B8C92D3E0C4A}.Debug|x86.Build.0 = Debug|Any CPU
		{2BED66F6-6F9B-47F0-97FB-B8C92D3E0C4A}.Release|Any CPU.ActiveCfg = Release|Any CPU
		{2BED66F6-6F9B-47F0-97FB-B8C92D3E0C4A}.Release|Any CPU.Build.0 = Release|Any CPU
		{2BED66F6-6F9B-47F0-97FB-B8C92D3E0C4A}.Release|x64.ActiveCfg = Release|Any CPU
		{2BED66F6-6F9B-47F0-97FB-B8C92D3E0C4A}.Release|x64.Build.0 = Release|Any CPU
		{2BED66F6-6F9B-47F0-97FB-B8C92D3E0C4A}.Release|x86.ActiveCfg = Release|Any CPU
		{2BED66F6-6F9B-47F0-97FB-B8C92D3E0C4A}.Release|x86.Build.0 = Release|Any CPU
		{83958E6E-5A0E-4653-8EAC-477BB1801E75}.Debug|Any CPU.ActiveCfg = Debug|Any CPU
		{83958E6E-5A0E-4653-8EAC-477BB1801E75}.Debug|Any CPU.Build.0 = Debug|Any CPU
		{83958E6E-5A0E-4653-8EAC-477BB1801E75}.Debug|x64.ActiveCfg = Debug|Any CPU
		{83958E6E-5A0E-4653-8EAC-477BB1801E75}.Debug|x64.Build.0 = Debug|Any CPU
		{83958E6E-5A0E-4653-8EAC-477BB1801E75}.Debug|x86.ActiveCfg = Debug|Any CPU
		{83958E6E-5A0E-4653-8EAC-477BB1801E75}.Debug|x86.Build.0 = Debug|Any CPU
		{83958E6E-5A0E-4653-8EAC-477BB1801E75}.Release|Any CPU.ActiveCfg = Release|Any CPU
		{83958E6E-5A0E-4653-8EAC-477BB1801E75}.Release|Any CPU.Build.0 = Release|Any CPU
		{83958E6E-5A0E-4653-8EAC-477BB1801E75}.Release|x64.ActiveCfg = Release|Any CPU
		{83958E6E-5A0E-4653-8EAC-477BB1801E75}.Release|x64.Build.0 = Release|Any CPU
		{83958E6E-5A0E-4653-8EAC-477BB1801E75}.Release|x86.ActiveCfg = Release|Any CPU
		{83958E6E-5A0E-4653-8EAC-477BB1801E75}.Release|x86.Build.0 = Release|Any CPU
		{51C37561-C0E1-43CA-B7A5-68FD2AD464DB}.Debug|Any CPU.ActiveCfg = Debug|Any CPU
		{51C37561-C0E1-43CA-B7A5-68FD2AD464DB}.Debug|Any CPU.Build.0 = Debug|Any CPU
		{51C37561-C0E1-43CA-B7A5-68FD2AD464DB}.Debug|x64.ActiveCfg = Debug|Any CPU
		{51C37561-C0E1-43CA-B7A5-68FD2AD464DB}.Debug|x64.Build.0 = Debug|Any CPU
		{51C37561-C0E1-43CA-B7A5-68FD2AD464DB}.Debug|x86.ActiveCfg = Debug|Any CPU
		{51C37561-C0E1-43CA-B7A5-68FD2AD464DB}.Debug|x86.Build.0 = Debug|Any CPU
		{51C37561-C0E1-43CA-B7A5-68FD2AD464DB}.Release|Any CPU.ActiveCfg = Release|Any CPU
		{51C37561-C0E1-43CA-B7A5-68FD2AD464DB}.Release|Any CPU.Build.0 = Release|Any CPU
		{51C37561-C0E1-43CA-B7A5-68FD2AD464DB}.Release|x64.ActiveCfg = Release|Any CPU
		{51C37561-C0E1-43CA-B7A5-68FD2AD464DB}.Release|x64.Build.0 = Release|Any CPU
		{51C37561-C0E1-43CA-B7A5-68FD2AD464DB}.Release|x86.ActiveCfg = Release|Any CPU
		{51C37561-C0E1-43CA-B7A5-68FD2AD464DB}.Release|x86.Build.0 = Release|Any CPU
		{F9964C4C-8406-446C-907C-86BB609A5BE2}.Debug|Any CPU.ActiveCfg = Debug|Any CPU
		{F9964C4C-8406-446C-907C-86BB609A5BE2}.Debug|Any CPU.Build.0 = Debug|Any CPU
		{F9964C4C-8406-446C-907C-86BB609A5BE2}.Debug|x64.ActiveCfg = Debug|Any CPU
		{F9964C4C-8406-446C-907C-86BB609A5BE2}.Debug|x64.Build.0 = Debug|Any CPU
		{F9964C4C-8406-446C-907C-86BB609A5BE2}.Debug|x86.ActiveCfg = Debug|Any CPU
		{F9964C4C-8406-446C-907C-86BB609A5BE2}.Debug|x86.Build.0 = Debug|Any CPU
		{F9964C4C-8406-446C-907C-86BB609A5BE2}.Release|Any CPU.ActiveCfg = Release|Any CPU
		{F9964C4C-8406-446C-907C-86BB609A5BE2}.Release|Any CPU.Build.0 = Release|Any CPU
		{F9964C4C-8406-446C-907C-86BB609A5BE2}.Release|x64.ActiveCfg = Release|Any CPU
		{F9964C4C-8406-446C-907C-86BB609A5BE2}.Release|x64.Build.0 = Release|Any CPU
		{F9964C4C-8406-446C-907C-86BB609A5BE2}.Release|x86.ActiveCfg = Release|Any CPU
		{F9964C4C-8406-446C-907C-86BB609A5BE2}.Release|x86.Build.0 = Release|Any CPU
	EndGlobalSection
	GlobalSection(SolutionProperties) = preSolution
		HideSolutionNode = FALSE
	EndGlobalSection
	GlobalSection(NestedProjects) = preSolution
		{81034408-37C8-1011-444E-4C15C2FADA8E} = {827E0CD3-B72D-47B6-A68D-7590B98EB39B}
		{2BED66F6-6F9B-47F0-97FB-B8C92D3E0C4A} = {81034408-37C8-1011-444E-4C15C2FADA8E}
		{83958E6E-5A0E-4653-8EAC-477BB1801E75} = {81034408-37C8-1011-444E-4C15C2FADA8E}
		{51C37561-C0E1-43CA-B7A5-68FD2AD464DB} = {81034408-37C8-1011-444E-4C15C2FADA8E}
		{F9964C4C-8406-446C-907C-86BB609A5BE2} = {81034408-37C8-1011-444E-4C15C2FADA8E}
	EndGlobalSection
EndGlobal
